
Microsoft Visual Studio Solution File, Format Version 12.00
# Visual Studio 15
VisualStudioVersion = 15.0.28307.902
MinimumVisualStudioVersion = 10.0.40219.1
Project("{8BC9CEB8-8B4A-11D0-8D11-00A0C91BC942}") = "HashSearch", "HashSearch\HashSearch.vcxproj", "{CAA3ACAB-DB25-4076-8117-1741253E1C42}"
EndProject
Global
	GlobalSection(SolutionConfigurationPlatforms) = preSolution
		Debug|x64 = Debug|x64
		Debug|x86 = Debug|x86
		Release|x64 = Release|x64
		Release|x86 = Release|x86
	EndGlobalSection
	GlobalSection(ProjectConfigurationPlatforms) = postSolution
		{CAA3ACAB-DB25-4076-8117-1741253E1C42}.Debug|x64.ActiveCfg = Debug|x64
		{CAA3ACAB-DB25-4076-8117-1741253E1C42}.Debug|x64.Build.0 = Debug|x64
		{CAA3ACAB-DB25-4076-8117-1741253E1C42}.Debug|x86.ActiveCfg = Debug|Win32
		{CAA3ACAB-DB25-4076-8117-1741253E1C42}.Debug|x86.Build.0 = Debug|Win32
		{CAA3ACAB-DB25-4076-8117-1741253E1C42}.Release|x64.ActiveCfg = Release|x64
		{CAA3ACAB-DB25-4076-8117-1741253E1C42}.Release|x64.Build.0 = Release|x64
		{CAA3ACAB-DB25-4076-8117-1741253E1C42}.Release|x86.ActiveCfg = Release|Win32
		{CAA3ACAB-DB25-4076-8117-1741253E1C42}.Release|x86.Build.0 = Release|Win32
	EndGlobalSection
	GlobalSection(SolutionProperties) = preSolution
		HideSolutionNode = FALSE
	EndGlobalSection
	GlobalSection(ExtensibilityGlobals) = postSolution
		SolutionGuid = {0F83C937-09BE-49E2-B3EF-56E71D2D0E47}
	EndGlobalSection
EndGlobal
